
Microsoft Visual Studio Solution File, Format Version 12.00
# Visual Studio 15
VisualStudioVersion = 15.0.36001.139
MinimumVisualStudioVersion = 10.0.40219.1
Project("{8BC9CEB8-8B4A-11D0-8D11-00A0C91BC942}") = "DataContainers", "DataContainers\DataContainers.vcxproj", "{92967160-7F41-4860-94EB-E2A6F5D30B87}"
EndProject
Project("{8BC9CEB8-8B4A-11D0-8D11-00A0C91BC942}") = "ForwardList", "ForwardList\ForwardList.vcxproj", "{C10F0ADC-C133-4FC4-B7BC-13902332CCEF}"
EndProject
Project("{8BC9CEB8-8B4A-11D0-8D11-00A0C91BC942}") = "List", "List\List.vcxproj", "{088FE21D-9E66-46D8-90E3-A8142A11BD83}"
EndProject
Project("{8BC9CEB8-8B4A-11D0-8D11-00A0C91BC942}") = "Recursion", "Recursion\Recursion.vcxproj", "{BBEAB838-D3DA-4D3D-971B-C917650A72F2}"
EndProject
Global
	GlobalSection(SolutionConfigurationPlatforms) = preSolution
		Debug|x64 = Debug|x64
		Debug|x86 = Debug|x86
		Release|x64 = Release|x64
		Release|x86 = Release|x86
	EndGlobalSection
	GlobalSection(ProjectConfigurationPlatforms) = postSolution
		{92967160-7F41-4860-94EB-E2A6F5D30B87}.Debug|x64.ActiveCfg = Debug|x64
		{92967160-7F41-4860-94EB-E2A6F5D30B87}.Debug|x64.Build.0 = Debug|x64
		{92967160-7F41-4860-94EB-E2A6F5D30B87}.Debug|x86.ActiveCfg = Debug|Win32
		{92967160-7F41-4860-94EB-E2A6F5D30B87}.Debug|x86.Build.0 = Debug|Win32
		{92967160-7F41-4860-94EB-E2A6F5D30B87}.Release|x64.ActiveCfg = Release|x64
		{92967160-7F41-4860-94EB-E2A6F5D30B87}.Release|x64.Build.0 = Release|x64
		{92967160-7F41-4860-94EB-E2A6F5D30B87}.Release|x86.ActiveCfg = Release|Win32
		{92967160-7F41-4860-94EB-E2A6F5D30B87}.Release|x86.Build.0 = Release|Win32
		{C10F0ADC-C133-4FC4-B7BC-13902332CCEF}.Debug|x64.ActiveCfg = Debug|x64
		{C10F0ADC-C133-4FC4-B7BC-13902332CCEF}.Debug|x64.Build.0 = Debug|x64
		{C10F0ADC-C133-4FC4-B7BC-13902332CCEF}.Debug|x86.ActiveCfg = Debug|Win32
		{C10F0ADC-C133-4FC4-B7BC-13902332CCEF}.Debug|x86.Build.0 = Debug|Win32
		{C10F0ADC-C133-4FC4-B7BC-13902332CCEF}.Release|x64.ActiveCfg = Release|x64
		{C10F0ADC-C133-4FC4-B7BC-13902332CCEF}.Release|x64.Build.0 = Release|x64
		{C10F0ADC-C133-4FC4-B7BC-13902332CCEF}.Release|x86.ActiveCfg = Release|Win32
		{C10F0ADC-C133-4FC4-B7BC-13902332CCEF}.Release|x86.Build.0 = Release|Win32
		{088FE21D-9E66-46D8-90E3-A8142A11BD83}.Debug|x64.ActiveCfg = Debug|x64
		{088FE21D-9E66-46D8-90E3-A8142A11BD83}.Debug|x64.Build.0 = Debug|x64
		{088FE21D-9E66-46D8-90E3-A8142A11BD83}.Debug|x86.ActiveCfg = Debug|Win32
		{088FE21D-9E66-46D8-90E3-A8142A11BD83}.Debug|x86.Build.0 = Debug|Win32
		{088FE21D-9E66-46D8-90E3-A8142A11BD83}.Release|x64.ActiveCfg = Release|x64
		{088FE21D-9E66-46D8-90E3-A8142A11BD83}.Release|x64.Build.0 = Release|x64
		{088FE21D-9E66-46D8-90E3-A8142A11BD83}.Release|x86.ActiveCfg = Release|Win32
		{088FE21D-9E66-46D8-90E3-A8142A11BD83}.Release|x86.Build.0 = Release|Win32
		{BBEAB838-D3DA-4D3D-971B-C917650A72F2}.Debug|x64.ActiveCfg = Debug|x64
		{BBEAB838-D3DA-4D3D-971B-C917650A72F2}.Debug|x64.Build.0 = Debug|x64
		{BBEAB838-D3DA-4D3D-971B-C917650A72F2}.Debug|x86.ActiveCfg = Debug|Win32
		{BBEAB838-D3DA-4D3D-971B-C917650A72F2}.Debug|x86.Build.0 = Debug|Win32
		{BBEAB838-D3DA-4D3D-971B-C917650A72F2}.Release|x64.ActiveCfg = Release|x64
		{BBEAB838-D3DA-4D3D-971B-C917650A72F2}.Release|x64.Build.0 = Release|x64
		{BBEAB838-D3DA-4D3D-971B-C917650A72F2}.Release|x86.ActiveCfg = Release|Win32
		{BBEAB838-D3DA-4D3D-971B-C917650A72F2}.Release|x86.Build.0 = Release|Win32
	EndGlobalSection
	GlobalSection(SolutionProperties) = preSolution
		HideSolutionNode = FALSE
	EndGlobalSection
	GlobalSection(ExtensibilityGlobals) = postSolution
		SolutionGuid = {081F047C-F42D-456A-B0C5-83861A4E45D1}
	EndGlobalSection
EndGlobal
