
Microsoft Visual Studio Solution File, Format Version 12.00
# Visual Studio 15
VisualStudioVersion = 15.0.36001.139
MinimumVisualStudioVersion = 10.0.40219.1
Project("{8BC9CEB8-8B4A-11D0-8D11-00A0C91BC942}") = "IntroductionToOOP", "IntroductionToOOP\IntroductionToOOP.vcxproj", "{93EC492B-598C-43A3-AC07-759205B60CBF}"
EndProject
Project("{8BC9CEB8-8B4A-11D0-8D11-00A0C91BC942}") = "Fraction", "Fraction\Fraction.vcxproj", "{6F633D56-0BE6-4100-9A8C-7384BD71EF82}"
EndProject
Global
	GlobalSection(SolutionConfigurationPlatforms) = preSolution
		Debug|x64 = Debug|x64
		Debug|x86 = Debug|x86
		Release|x64 = Release|x64
		Release|x86 = Release|x86
	EndGlobalSection
	GlobalSection(ProjectConfigurationPlatforms) = postSolution
		{93EC492B-598C-43A3-AC07-759205B60CBF}.Debug|x64.ActiveCfg = Debug|x64
		{93EC492B-598C-43A3-AC07-759205B60CBF}.Debug|x64.Build.0 = Debug|x64
		{93EC492B-598C-43A3-AC07-759205B60CBF}.Debug|x86.ActiveCfg = Debug|Win32
		{93EC492B-598C-43A3-AC07-759205B60CBF}.Debug|x86.Build.0 = Debug|Win32
		{93EC492B-598C-43A3-AC07-759205B60CBF}.Release|x64.ActiveCfg = Release|x64
		{93EC492B-598C-43A3-AC07-759205B60CBF}.Release|x64.Build.0 = Release|x64
		{93EC492B-598C-43A3-AC07-759205B60CBF}.Release|x86.ActiveCfg = Release|Win32
		{93EC492B-598C-43A3-AC07-759205B60CBF}.Release|x86.Build.0 = Release|Win32
		{6F633D56-0BE6-4100-9A8C-7384BD71EF82}.Debug|x64.ActiveCfg = Debug|x64
		{6F633D56-0BE6-4100-9A8C-7384BD71EF82}.Debug|x64.Build.0 = Debug|x64
		{6F633D56-0BE6-4100-9A8C-7384BD71EF82}.Debug|x86.ActiveCfg = Debug|Win32
		{6F633D56-0BE6-4100-9A8C-7384BD71EF82}.Debug|x86.Build.0 = Debug|Win32
		{6F633D56-0BE6-4100-9A8C-7384BD71EF82}.Release|x64.ActiveCfg = Release|x64
		{6F633D56-0BE6-4100-9A8C-7384BD71EF82}.Release|x64.Build.0 = Release|x64
		{6F633D56-0BE6-4100-9A8C-7384BD71EF82}.Release|x86.ActiveCfg = Release|Win32
		{6F633D56-0BE6-4100-9A8C-7384BD71EF82}.Release|x86.Build.0 = Release|Win32
	EndGlobalSection
	GlobalSection(SolutionProperties) = preSolution
		HideSolutionNode = FALSE
	EndGlobalSection
	GlobalSection(ExtensibilityGlobals) = postSolution
		SolutionGuid = {F3F5ABDE-0EF6-431A-9BE4-775AE3090B64}
	EndGlobalSection
EndGlobal
